// !$*UTF8*$!
{
	archiveVersion = 1;
	classes = {
	};
	objectVersion = 46;
	objects = {

/* Begin PBXBuildFile section */
		40CB736D1E8A68CA00E8E4DB /* main.m in Sources */ = {isa = PBXBuildFile; fileRef = 40CB736C1E8A68CA00E8E4DB /* main.m */; };
		40CB73701E8A68CA00E8E4DB /* AppDelegate.m in Sources */ = {isa = PBXBuildFile; fileRef = 40CB736F1E8A68CA00E8E4DB /* AppDelegate.m */; };
		40CB73731E8A68CA00E8E4DB /* ViewController.m in Sources */ = {isa = PBXBuildFile; fileRef = 40CB73721E8A68CA00E8E4DB /* ViewController.m */; };
		40CB73761E8A68CA00E8E4DB /* Main.storyboard in Resources */ = {isa = PBXBuildFile; fileRef = 40CB73741E8A68CA00E8E4DB /* Main.storyboard */; };
		40CB73781E8A68CA00E8E4DB /* Assets.xcassets in Resources */ = {isa = PBXBuildFile; fileRef = 40CB73771E8A68CA00E8E4DB /* Assets.xcassets */; };
		40CB737B1E8A68CA00E8E4DB /* LaunchScreen.storyboard in Resources */ = {isa = PBXBuildFile; fileRef = 40CB73791E8A68CA00E8E4DB /* LaunchScreen.storyboard */; };
		40CB73871E8A704C00E8E4DB /* Text.m in Sources */ = {isa = PBXBuildFile; fileRef = 40CB73861E8A704C00E8E4DB /* Text.m */; };
		40CB73891E8A73B300E8E4DB /* YHCodeBase in Resources */ = {isa = PBXBuildFile; fileRef = 40CB73881E8A73B300E8E4DB /* YHCodeBase */; };
/* End PBXBuildFile section */

/* Begin PBXFileReference section */
		40CB73681E8A68CA00E8E4DB /* YHCodeFile.app */ = {isa = PBXFileReference; explicitFileType = wrapper.application; includeInIndex = 0; path = YHCodeFile.app; sourceTree = BUILT_PRODUCTS_DIR; };
		40CB736C1E8A68CA00E8E4DB /* main.m */ = {isa = PBXFileReference; lastKnownFileType = sourcecode.c.objc; path = main.m; sourceTree = "<group>"; };
		40CB736E1E8A68CA00E8E4DB /* AppDelegate.h */ = {isa = PBXFileReference; lastKnownFileType = sourcecode.c.h; path = AppDelegate.h; sourceTree = "<group>"; };
		40CB736F1E8A68CA00E8E4DB /* AppDelegate.m */ = {isa = PBXFileReference; lastKnownFileType = sourcecode.c.objc; path = AppDelegate.m; sourceTree = "<group>"; };
		40CB73711E8A68CA00E8E4DB /* ViewController.h */ = {isa = PBXFileReference; lastKnownFileType = sourcecode.c.h; path = ViewController.h; sourceTree = "<group>"; };
		40CB73721E8A68CA00E8E4DB /* ViewController.m */ = {isa = PBXFileReference; lastKnownFileType = sourcecode.c.objc; path = ViewController.m; sourceTree = "<group>"; };
		40CB73751E8A68CA00E8E4DB /* Base */ = {isa = PBXFileReference; lastKnownFileType = file.storyboard; name = Base; path = Base.lproj/Main.storyboard; sourceTree = "<group>"; };
		40CB73771E8A68CA00E8E4DB /* Assets.xcassets */ = {isa = PBXFileReference; lastKnownFileType = folder.assetcatalog; path = Assets.xcassets; sourceTree = "<group>"; };
		40CB737A1E8A68CA00E8E4DB /* Base */ = {isa = PBXFileReference; lastKnownFileType = file.storyboard; name = Base; path = Base.lproj/LaunchScreen.storyboard; sourceTree = "<group>"; };
		40CB737C1E8A68CA00E8E4DB /* Info.plist */ = {isa = PBXFileReference; lastKnownFileType = text.plist.xml; path = Info.plist; sourceTree = "<group>"; };
		40CB73851E8A704C00E8E4DB /* Text.h */ = {isa = PBXFileReference; fileEncoding = 4; lastKnownFileType = sourcecode.c.h; path = Text.h; sourceTree = "<group>"; };
		40CB73861E8A704C00E8E4DB /* Text.m */ = {isa = PBXFileReference; fileEncoding = 4; lastKnownFileType = sourcecode.c.objc; path = Text.m; sourceTree = "<group>"; };
		40CB73881E8A73B300E8E4DB /* YHCodeBase */ = {isa = PBXFileReference; lastKnownFileType = folder; path = YHCodeBase; sourceTree = "<group>"; };
/* End PBXFileReference section */

/* Begin PBXFrameworksBuildPhase section */
		40CB73651E8A68CA00E8E4DB /* Frameworks */ = {
			isa = PBXFrameworksBuildPhase;
			buildActionMask = 2147483647;
			files = (
			);
			runOnlyForDeploymentPostprocessing = 0;
		};
/* End PBXFrameworksBuildPhase section */

/* Begin PBXGroup section */
		40CB735F1E8A68CA00E8E4DB = {
			isa = PBXGroup;
			children = (
				40CB736A1E8A68CA00E8E4DB /* YHCodeFile */,
				40CB73691E8A68CA00E8E4DB /* Products */,
			);
			sourceTree = "<group>";
		};
		40CB73691E8A68CA00E8E4DB /* Products */ = {
			isa = PBXGroup;
			children = (
				40CB73681E8A68CA00E8E4DB /* YHCodeFile.app */,
			);
			name = Products;
			sourceTree = "<group>";
		};
		40CB736A1E8A68CA00E8E4DB /* YHCodeFile */ = {
			isa = PBXGroup;
			children = (
				40CB73881E8A73B300E8E4DB /* YHCodeBase */,
				40CB736E1E8A68CA00E8E4DB /* AppDelegate.h */,
				40CB736F1E8A68CA00E8E4DB /* AppDelegate.m */,
				40CB73711E8A68CA00E8E4DB /* ViewController.h */,
				40CB73721E8A68CA00E8E4DB /* ViewController.m */,
				40CB73741E8A68CA00E8E4DB /* Main.storyboard */,
				40CB73771E8A68CA00E8E4DB /* Assets.xcassets */,
				40CB73791E8A68CA00E8E4DB /* LaunchScreen.storyboard */,
				40CB737C1E8A68CA00E8E4DB /* Info.plist */,
				40CB736B1E8A68CA00E8E4DB /* Supporting Files */,
				40CB73851E8A704C00E8E4DB /* Text.h */,
				40CB73861E8A704C00E8E4DB /* Text.m */,
			);
			path = YHCodeFile;
			sourceTree = "<group>";
		};
		40CB736B1E8A68CA00E8E4DB /* Supporting Files */ = {
			isa = PBXGroup;
			children = (
				40CB736C1E8A68CA00E8E4DB /* main.m */,
			);
			name = "Supporting Files";
			sourceTree = "<group>";
		};
/* End PBXGroup section */

/* Begin PBXNativeTarget section */
		40CB73671E8A68CA00E8E4DB /* YHCodeFile */ = {
			isa = PBXNativeTarget;
			buildConfigurationList = 40CB737F1E8A68CA00E8E4DB /* Build configuration list for PBXNativeTarget "YHCodeFile" */;
			buildPhases = (
				40CB73641E8A68CA00E8E4DB /* Sources */,
				40CB73651E8A68CA00E8E4DB /* Frameworks */,
				40CB73661E8A68CA00E8E4DB /* Resources */,
			);
			buildRules = (
			);
			dependencies = (
			);
			name = YHCodeFile;
			productName = YHCodeFile;
			productReference = 40CB73681E8A68CA00E8E4DB /* YHCodeFile.app */;
			productType = "com.apple.product-type.application";
		};
/* End PBXNativeTarget section */

/* Begin PBXProject section */
		40CB73601E8A68CA00E8E4DB /* Project object */ = {
			isa = PBXProject;
			attributes = {
				LastUpgradeCheck = 0820;
				ORGANIZATIONNAME = mrlee;
				TargetAttributes = {
					40CB73671E8A68CA00E8E4DB = {
						CreatedOnToolsVersion = 8.2.1;
						ProvisioningStyle = Automatic;
					};
				};
			};
			buildConfigurationList = 40CB73631E8A68CA00E8E4DB /* Build configuration list for PBXProject "YHCodeFile" */;
			compatibilityVersion = "Xcode 3.2";
			developmentRegion = English;
			hasScannedForEncodings = 0;
			knownRegions = (
				en,
				Base,
			);
			mainGroup = 40CB735F1E8A68CA00E8E4DB;
			productRefGroup = 40CB73691E8A68CA00E8E4DB /* Products */;
			projectDirPath = "";
			projectRoot = "";
			targets = (
				40CB73671E8A68CA00E8E4DB /* YHCodeFile */,
			);
		};
/* End PBXProject section */

/* Begin PBXResourcesBuildPhase section */
		40CB73661E8A68CA00E8E4DB /* Resources */ = {
			isa = PBXResourcesBuildPhase;
			buildActionMask = 2147483647;
			files = (
				40CB737B1E8A68CA00E8E4DB /* LaunchScreen.storyboard in Resources */,
				40CB73891E8A73B300E8E4DB /* YHCodeBase in Resources */,
				40CB73781E8A68CA00E8E4DB /* Assets.xcassets in Resources */,
				40CB73761E8A68CA00E8E4DB /* Main.storyboard in Resources */,
			);
			runOnlyForDeploymentPostprocessing = 0;
		};
/* End PBXResourcesBuildPhase section */

/* Begin PBXSourcesBuildPhase section */
		40CB73641E8A68CA00E8E4DB /* Sources */ = {
			isa = PBXSourcesBuildPhase;
			buildActionMask = 2147483647;
			files = (
				40CB73871E8A704C00E8E4DB /* Text.m in Sources */,
				40CB73731E8A68CA00E8E4DB /* ViewController.m in Sources */,
				40CB73701E8A68CA00E8E4DB /* AppDelegate.m in Sources */,
				40CB736D1E8A68CA00E8E4DB /* main.m in Sources */,
			);
			runOnlyForDeploymentPostprocessing = 0;
		};
/* End PBXSourcesBuildPhase section */

/* Begin PBXVariantGroup section */
		40CB73741E8A68CA00E8E4DB /* Main.storyboard */ = {
			isa = PBXVariantGroup;
			children = (
				40CB73751E8A68CA00E8E4DB /* Base */,
			);
			name = Main.storyboard;
			sourceTree = "<group>";
		};
		40CB73791E8A68CA00E8E4DB /* LaunchScreen.storyboard */ = {
			isa = PBXVariantGroup;
			children = (
				40CB737A1E8A68CA00E8E4DB /* Base */,
			);
			name = LaunchScreen.storyboard;
			sourceTree = "<group>";
		};
/* End PBXVariantGroup section */

/* Begin XCBuildConfiguration section */
		40CB737D1E8A68CA00E8E4DB /* Debug */ = {
			isa = XCBuildConfiguration;
			buildSettings = {
				ALWAYS_SEARCH_USER_PATHS = NO;
				CLANG_ANALYZER_NONNULL = YES;
				CLANG_CXX_LANGUAGE_STANDARD = "gnu++0x";
				CLANG_CXX_LIBRARY = "libc++";
				CLANG_ENABLE_MODULES = YES;
				CLANG_ENABLE_OBJC_ARC = YES;
				CLANG_WARN_BOOL_CONVERSION = YES;
				CLANG_WARN_CONSTANT_CONVERSION = YES;
				CLANG_WARN_DIRECT_OBJC_ISA_USAGE = YES_ERROR;
				CLANG_WARN_DOCUMENTATION_COMMENTS = YES;
				CLANG_WARN_EMPTY_BODY = YES;
				CLANG_WARN_ENUM_CONVERSION = YES;
				CLANG_WARN_INFINITE_RECURSION = YES;
				CLANG_WARN_INT_CONVERSION = YES;
				CLANG_WARN_OBJC_ROOT_CLASS = YES_ERROR;
				CLANG_WARN_SUSPICIOUS_MOVE = YES;
				CLANG_WARN_UNREACHABLE_CODE = YES;
				CLANG_WARN__DUPLICATE_METHOD_MATCH = YES;
				"CODE_SIGN_IDENTITY[sdk=iphoneos*]" = "iPhone Developer";
				COPY_PHASE_STRIP = NO;
				DEBUG_INFORMATION_FORMAT = dwarf;
				ENABLE_STRICT_OBJC_MSGSEND = YES;
				ENABLE_TESTABILITY = YES;
				GCC_C_LANGUAGE_STANDARD = gnu99;
				GCC_DYNAMIC_NO_PIC = NO;
				GCC_NO_COMMON_BLOCKS = YES;
				GCC_OPTIMIZATION_LEVEL = 0;
				GCC_PREPROCESSOR_DEFINITIONS = (
					"DEBUG=1",
					"$(inherited)",
				);
				GCC_WARN_64_TO_32_BIT_CONVERSION = YES;
				GCC_WARN_ABOUT_RETURN_TYPE = YES_ERROR;
				GCC_WARN_UNDECLARED_SELECTOR = YES;
				GCC_WARN_UNINITIALIZED_AUTOS = YES_AGGRESSIVE;
				GCC_WARN_UNUSED_FUNCTION = YES;
				GCC_WARN_UNUSED_VARIABLE = YES;
				IPHONEOS_DEPLOYMENT_TARGET = 10.2;
				MTL_ENABLE_DEBUG_INFO = YES;
				ONLY_ACTIVE_ARCH = YES;
				SDKROOT = iphoneos;
				TARGETED_DEVICE_FAMILY = "1,2";
			};
			name = Debug;
		};
		40CB737E1E8A68CA00E8E4DB /* Release */ = {
			isa = XCBuildConfiguration;
			buildSettings = {
				ALWAYS_SEARCH_USER_PATHS = NO;
				CLANG_ANALYZER_NONNULL = YES;
				CLANG_CXX_LANGUAGE_STANDARD = "gnu++0x";
				CLANG_CXX_LIBRARY = "libc++";
				CLANG_ENABLE_MODULES = YES;
				CLANG_ENABLE_OBJC_ARC = YES;
				CLANG_WARN_BOOL_CONVERSION = YES;
				CLANG_WARN_CONSTANT_CONVERSION = YES;
				CLANG_WARN_DIRECT_OBJC_ISA_USAGE = YES_ERROR;
				CLANG_WARN_DOCUMENTATION_COMMENTS = YES;
				CLANG_WARN_EMPTY_BODY = YES;
				CLANG_WARN_ENUM_CONVERSION = YES;
				CLANG_WARN_INFINITE_RECURSION = YES;
				CLANG_WARN_INT_CONVERSION = YES;
				CLANG_WARN_OBJC_ROOT_CLASS = YES_ERROR;
				CLANG_WARN_SUSPICIOUS_MOVE = YES;
				CLANG_WARN_UNREACHABLE_CODE = YES;
				CLANG_WARN__DUPLICATE_METHOD_MATCH = YES;
				"CODE_SIGN_IDENTITY[sdk=iphoneos*]" = "iPhone Developer";
				COPY_PHASE_STRIP = NO;
				DEBUG_INFORMATION_FORMAT = "dwarf-with-dsym";
				ENABLE_NS_ASSERTIONS = NO;
				ENABLE_STRICT_OBJC_MSGSEND = YES;
				GCC_C_LANGUAGE_STANDARD = gnu99;
				GCC_NO_COMMON_BLOCKS = YES;
				GCC_WARN_64_TO_32_BIT_CONVERSION = YES;
				GCC_WARN_ABOUT_RETURN_TYPE = YES_ERROR;
				GCC_WARN_UNDECLARED_SELECTOR = YES;
				GCC_WARN_UNINITIALIZED_AUTOS = YES_AGGRESSIVE;
				GCC_WARN_UNUSED_FUNCTION = YES;
				GCC_WARN_UNUSED_VARIABLE = YES;
				IPHONEOS_DEPLOYMENT_TARGET = 10.2;
				MTL_ENABLE_DEBUG_INFO = NO;
				SDKROOT = iphoneos;
				TARGETED_DEVICE_FAMILY = "1,2";
				VALIDATE_PRODUCT = YES;
			};
			name = Release;
		};
		40CB73801E8A68CA00E8E4DB /* Debug */ = {
			isa = XCBuildConfiguration;
			buildSettings = {
				ASSETCATALOG_COMPILER_APPICON_NAME = AppIcon;
				ENABLE_STRICT_OBJC_MSGSEND = NO;
				INFOPLIST_FILE = YHCodeFile/Info.plist;
				LD_RUNPATH_SEARCH_PATHS = "$(inherited) @executable_path/Frameworks";
				PRODUCT_BUNDLE_IDENTIFIER = melee.YHCodeFile;
				PRODUCT_NAME = "$(TARGET_NAME)";
			};
			name = Debug;
		};
		40CB73811E8A68CA00E8E4DB /* Release */ = {
			isa = XCBuildConfiguration;
			buildSettings = {
				ASSETCATALOG_COMPILER_APPICON_NAME = AppIcon;
				ENABLE_STRICT_OBJC_MSGSEND = NO;
				INFOPLIST_FILE = YHCodeFile/Info.plist;
				LD_RUNPATH_SEARCH_PATHS = "$(inherited) @executable_path/Frameworks";
				PRODUCT_BUNDLE_IDENTIFIER = melee.YHCodeFile;
				PRODUCT_NAME = "$(TARGET_NAME)";
			};
			name = Release;
		};
/* End XCBuildConfiguration section */

/* Begin XCConfigurationList section */
		40CB73631E8A68CA00E8E4DB /* Build configuration list for PBXProject "YHCodeFile" */ = {
			isa = XCConfigurationList;
			buildConfigurations = (
				40CB737D1E8A68CA00E8E4DB /* Debug */,
				40CB737E1E8A68CA00E8E4DB /* Release */,
			);
			defaultConfigurationIsVisible = 0;
			defaultConfigurationName = Release;
		};
		40CB737F1E8A68CA00E8E4DB /* Build configuration list for PBXNativeTarget "YHCodeFile" */ = {
			isa = XCConfigurationList;
			buildConfigurations = (
				40CB73801E8A68CA00E8E4DB /* Debug */,
				40CB73811E8A68CA00E8E4DB /* Release */,
			);
			defaultConfigurationIsVisible = 0;
			defaultConfigurationName = Release;
		};
/* End XCConfigurationList section */
	};
	rootObject = 40CB73601E8A68CA00E8E4DB /* Project object */;
}
